github.com/edwinsyarief/teishoku v1.7.5 h1:saonQz/obnUqAUcRLtp2lMOgrsOQQcw/I7/fDvP3V8U=
github.com/edwinsyarief/teishoku v1.7.5/go.mod h1:Jma04ti6kGYa/sxvb1moY2f1YrWGFLBSb3O01Vo8LpE=
github.com/mlange-42/ark v0.8.0 h1:8VzpLNTrcYcYZolcaZ/NHHv9fWdgbI98v86CenHILwA=
github.com/mlange-42/ark v0.8.0/go.mod h1:gkS9cuklENPTmSjL2z4DcJgJsIVqF1yNwFlx48Hz/Sw=
gopkg.in/check.v1 v0.0.0-20161208181325-20d25e280405/go.mod h1:Co6ibVJAznAaIkqp8huTwlJQCZ016jof/cbN4VW5Yz0=
gopkg.in/yaml.v3 v3.0.1 h1:fxVm/GzAzEWqLHuvctI91KS9hhNmmWOoWu0XTYJS7CA=
gopkg.in/yaml.v3 v3.0.1/go.mod h1:K4uyk7z7BCEPqu6E+C64Yfv1cQ7kz7rIZviUmN+EgEM=
