github.com/edwinsyarief/teishoku v1.7.5 h1:saonQz/obnUqAUcRLtp2lMOgrsOQQcw/I7/fDvP3V8U=
github.com/edwinsyarief/teishoku v1.7.5/go.mod h1:Jma04ti6kGYa/sxvb1moY2f1YrWGFLBSb3O01Vo8LpE=
github.com/mlange-42/ark v0.8.0 h1:8VzpLNTrcYcYZolcaZ/NHHv9fWdgbI98v86CenHILwA=
github.com/mlange-42/ark v0.8.0/go.mod h1:gkS9cuklENPTmSjL2z4DcJgJsIVqF1yNwFlx48Hz/Sw=
